// !$*UTF8*$!
{
	archiveVersion = 1;
	classes = {
	};
	objectVersion = 46;
	objects = {

/* Begin PBXBuildFile section */
		E41D610C19C7A7B000544B70 /* Foundation.framework in Frameworks */ = {isa = PBXBuildFile; fileRef = E41D610B19C7A7B000544B70 /* Foundation.framework */; };
		E41D610E19C7A7B100544B70 /* CoreGraphics.framework in Frameworks */ = {isa = PBXBuildFile; fileRef = E41D610D19C7A7B100544B70 /* CoreGraphics.framework */; };
		E41D611019C7A7B100544B70 /* UIKit.framework in Frameworks */ = {isa = PBXBuildFile; fileRef = E41D610F19C7A7B100544B70 /* UIKit.framework */; };
		E41D611619C7A7B100544B70 /* InfoPlist.strings in Resources */ = {isa = PBXBuildFile; fileRef = E41D611419C7A7B100544B70 /* InfoPlist.strings */; };
		E41D611819C7A7B100544B70 /* main.m in Sources */ = {isa = PBXBuildFile; fileRef = E41D611719C7A7B100544B70 /* main.m */; };
		E41D611C19C7A7B100544B70 /* ABAppDelegate.m in Sources */ = {isa = PBXBuildFile; fileRef = E41D611B19C7A7B100544B70 /* ABAppDelegate.m */; };
		E41D611F19C7A7B100544B70 /* Main.storyboard in Resources */ = {isa = PBXBuildFile; fileRef = E41D611D19C7A7B100544B70 /* Main.storyboard */; };
		E41D612419C7A7B100544B70 /* Images.xcassets in Resources */ = {isa = PBXBuildFile; fileRef = E41D612319C7A7B100544B70 /* Images.xcassets */; };
		E41D612B19C7A7B100544B70 /* XCTest.framework in Frameworks */ = {isa = PBXBuildFile; fileRef = E41D612A19C7A7B100544B70 /* XCTest.framework */; };
		E41D612C19C7A7B100544B70 /* Foundation.framework in Frameworks */ = {isa = PBXBuildFile; fileRef = E41D610B19C7A7B000544B70 /* Foundation.framework */; };
		E41D612D19C7A7B100544B70 /* UIKit.framework in Frameworks */ = {isa = PBXBuildFile; fileRef = E41D610F19C7A7B100544B70 /* UIKit.framework */; };
		E41D613519C7A7B100544B70 /* InfoPlist.strings in Resources */ = {isa = PBXBuildFile; fileRef = E41D613319C7A7B100544B70 /* InfoPlist.strings */; };
		E41D613719C7A7B100544B70 /* UITableViewControllerTests.m in Sources */ = {isa = PBXBuildFile; fileRef = E41D613619C7A7B100544B70 /* UITableViewControllerTests.m */; };
		E41D614519C7AAEF00544B70 /* ABTableViewController.m in Sources */ = {isa = PBXBuildFile; fileRef = E41D614419C7AAEF00544B70 /* ABTableViewController.m */; };
/* End PBXBuildFile section */

/* Begin PBXContainerItemProxy section */
		E41D612E19C7A7B100544B70 /* PBXContainerItemProxy */ = {
			isa = PBXContainerItemProxy;
			containerPortal = E41D610019C7A7B000544B70 /* Project object */;
			proxyType = 1;
			remoteGlobalIDString = E41D610719C7A7B000544B70;
			remoteInfo = UITableViewController;
		};
/* End PBXContainerItemProxy section */

/* Begin PBXFileReference section */
		E41D610819C7A7B000544B70 /* UITableViewController.app */ = {isa = PBXFileReference; explicitFileType = wrapper.application; includeInIndex = 0; path = UITableViewController.app; sourceTree = BUILT_PRODUCTS_DIR; };
		E41D610B19C7A7B000544B70 /* Foundation.framework */ = {isa = PBXFileReference; lastKnownFileType = wrapper.framework; name = Foundation.framework; path = System/Library/Frameworks/Foundation.framework; sourceTree = SDKROOT; };
		E41D610D19C7A7B100544B70 /* CoreGraphics.framework */ = {isa = PBXFileReference; lastKnownFileType = wrapper.framework; name = CoreGraphics.framework; path = System/Library/Frameworks/CoreGraphics.framework; sourceTree = SDKROOT; };
		E41D610F19C7A7B100544B70 /* UIKit.framework */ = {isa = PBXFileReference; lastKnownFileType = wrapper.framework; name = UIKit.framework; path = System/Library/Frameworks/UIKit.framework; sourceTree = SDKROOT; };
		E41D611319C7A7B100544B70 /* UITableViewController-Info.plist */ = {isa = PBXFileReference; lastKnownFileType = text.plist.xml; path = "UITableViewController-Info.plist"; sourceTree = "<group>"; };
		E41D611519C7A7B100544B70 /* en */ = {isa = PBXFileReference; lastKnownFileType = text.plist.strings; name = en; path = en.lproj/InfoPlist.strings; sourceTree = "<group>"; };
		E41D611719C7A7B100544B70 /* main.m */ = {isa = PBXFileReference; lastKnownFileType = sourcecode.c.objc; path = main.m; sourceTree = "<group>"; };
		E41D611919C7A7B100544B70 /* UITableViewController-Prefix.pch */ = {isa = PBXFileReference; lastKnownFileType = sourcecode.c.h; path = "UITableViewController-Prefix.pch"; sourceTree = "<group>"; };
		E41D611A19C7A7B100544B70 /* ABAppDelegate.h */ = {isa = PBXFileReference; lastKnownFileType = sourcecode.c.h; path = ABAppDelegate.h; sourceTree = "<group>"; };
		E41D611B19C7A7B100544B70 /* ABAppDelegate.m */ = {isa = PBXFileReference; lastKnownFileType = sourcecode.c.objc; path = ABAppDelegate.m; sourceTree = "<group>"; };
		E41D611E19C7A7B100544B70 /* Base */ = {isa = PBXFileReference; lastKnownFileType = file.storyboard; name = Base; path = Base.lproj/Main.storyboard; sourceTree = "<group>"; };
		E41D612319C7A7B100544B70 /* Images.xcassets */ = {isa = PBXFileReference; lastKnownFileType = folder.assetcatalog; path = Images.xcassets; sourceTree = "<group>"; };
		E41D612919C7A7B100544B70 /* UITableViewControllerTests.xctest */ = {isa = PBXFileReference; explicitFileType = wrapper.cfbundle; includeInIndex = 0; path = UITableViewControllerTests.xctest; sourceTree = BUILT_PRODUCTS_DIR; };
		E41D612A19C7A7B100544B70 /* XCTest.framework */ = {isa = PBXFileReference; lastKnownFileType = wrapper.framework; name = XCTest.framework; path = Library/Frameworks/XCTest.framework; sourceTree = DEVELOPER_DIR; };
		E41D613219C7A7B100544B70 /* UITableViewControllerTests-Info.plist */ = {isa = PBXFileReference; lastKnownFileType = text.plist.xml; path = "UITableViewControllerTests-Info.plist"; sourceTree = "<group>"; };
		E41D613419C7A7B100544B70 /* en */ = {isa = PBXFileReference; lastKnownFileType = text.plist.strings; name = en; path = en.lproj/InfoPlist.strings; sourceTree = "<group>"; };
		E41D613619C7A7B100544B70 /* UITableViewControllerTests.m */ = {isa = PBXFileReference; lastKnownFileType = sourcecode.c.objc; path = UITableViewControllerTests.m; sourceTree = "<group>"; };
		E41D614319C7AAEF00544B70 /* ABTableViewController.h */ = {isa = PBXFileReference; fileEncoding = 4; lastKnownFileType = sourcecode.c.h; name = ABTableViewController.h; path = ../ABTableViewController.h; sourceTree = "<group>"; };
		E41D614419C7AAEF00544B70 /* ABTableViewController.m */ = {isa = PBXFileReference; fileEncoding = 4; lastKnownFileType = sourcecode.c.objc; name = ABTableViewController.m; path = ../ABTableViewController.m; sourceTree = "<group>"; };
/* End PBXFileReference section */

/* Begin PBXFrameworksBuildPhase section */
		E41D610519C7A7B000544B70 /* Frameworks */ = {
			isa = PBXFrameworksBuildPhase;
			buildActionMask = 2147483647;
			files = (
				E41D610E19C7A7B100544B70 /* CoreGraphics.framework in Frameworks */,
				E41D611019C7A7B100544B70 /* UIKit.framework in Frameworks */,
				E41D610C19C7A7B000544B70 /* Foundation.framework in Frameworks */,
			);
			runOnlyForDeploymentPostprocessing = 0;
		};
		E41D612619C7A7B100544B70 /* Frameworks */ = {
			isa = PBXFrameworksBuildPhase;
			buildActionMask = 2147483647;
			files = (
				E41D612B19C7A7B100544B70 /* XCTest.framework in Frameworks */,
				E41D612D19C7A7B100544B70 /* UIKit.framework in Frameworks */,
				E41D612C19C7A7B100544B70 /* Foundation.framework in Frameworks */,
			);
			runOnlyForDeploymentPostprocessing = 0;
		};
/* End PBXFrameworksBuildPhase section */

/* Begin PBXGroup section */
		E41D60FF19C7A7B000544B70 = {
			isa = PBXGroup;
			children = (
				E41D611119C7A7B100544B70 /* UITableViewController */,
				E41D613019C7A7B100544B70 /* UITableViewControllerTests */,
				E41D610A19C7A7B000544B70 /* Frameworks */,
				E41D610919C7A7B000544B70 /* Products */,
			);
			sourceTree = "<group>";
		};
		E41D610919C7A7B000544B70 /* Products */ = {
			isa = PBXGroup;
			children = (
				E41D610819C7A7B000544B70 /* UITableViewController.app */,
				E41D612919C7A7B100544B70 /* UITableViewControllerTests.xctest */,
			);
			name = Products;
			sourceTree = "<group>";
		};
		E41D610A19C7A7B000544B70 /* Frameworks */ = {
			isa = PBXGroup;
			children = (
				E41D610B19C7A7B000544B70 /* Foundation.framework */,
				E41D610D19C7A7B100544B70 /* CoreGraphics.framework */,
				E41D610F19C7A7B100544B70 /* UIKit.framework */,
				E41D612A19C7A7B100544B70 /* XCTest.framework */,
			);
			name = Frameworks;
			sourceTree = "<group>";
		};
		E41D611119C7A7B100544B70 /* UITableViewController */ = {
			isa = PBXGroup;
			children = (
				E41D611A19C7A7B100544B70 /* ABAppDelegate.h */,
				E41D611B19C7A7B100544B70 /* ABAppDelegate.m */,
				E41D614319C7AAEF00544B70 /* ABTableViewController.h */,
				E41D614419C7AAEF00544B70 /* ABTableViewController.m */,
				E41D611D19C7A7B100544B70 /* Main.storyboard */,
				E41D612319C7A7B100544B70 /* Images.xcassets */,
				E41D611219C7A7B100544B70 /* Supporting Files */,
			);
			path = UITableViewController;
			sourceTree = "<group>";
		};
		E41D611219C7A7B100544B70 /* Supporting Files */ = {
			isa = PBXGroup;
			children = (
				E41D611319C7A7B100544B70 /* UITableViewController-Info.plist */,
				E41D611419C7A7B100544B70 /* InfoPlist.strings */,
				E41D611719C7A7B100544B70 /* main.m */,
				E41D611919C7A7B100544B70 /* UITableViewController-Prefix.pch */,
			);
			name = "Supporting Files";
			sourceTree = "<group>";
		};
		E41D613019C7A7B100544B70 /* UITableViewControllerTests */ = {
			isa = PBXGroup;
			children = (
				E41D613619C7A7B100544B70 /* UITableViewControllerTests.m */,
				E41D613119C7A7B100544B70 /* Supporting Files */,
			);
			path = UITableViewControllerTests;
			sourceTree = "<group>";
		};
		E41D613119C7A7B100544B70 /* Supporting Files */ = {
			isa = PBXGroup;
			children = (
				E41D613219C7A7B100544B70 /* UITableViewControllerTests-Info.plist */,
				E41D613319C7A7B100544B70 /* InfoPlist.strings */,
			);
			name = "Supporting Files";
			sourceTree = "<group>";
		};
/* End PBXGroup section */

/* Begin PBXNativeTarget section */
		E41D610719C7A7B000544B70 /* UITableViewController */ = {
			isa = PBXNativeTarget;
			buildConfigurationList = E41D613A19C7A7B100544B70 /* Build configuration list for PBXNativeTarget "UITableViewController" */;
			buildPhases = (
				E41D610419C7A7B000544B70 /* Sources */,
				E41D610519C7A7B000544B70 /* Frameworks */,
				E41D610619C7A7B000544B70 /* Resources */,
			);
			buildRules = (
			);
			dependencies = (
			);
			name = UITableViewController;
			productName = UITableViewController;
			productReference = E41D610819C7A7B000544B70 /* UITableViewController.app */;
			productType = "com.apple.product-type.application";
		};
		E41D612819C7A7B100544B70 /* UITableViewControllerTests */ = {
			isa = PBXNativeTarget;
			buildConfigurationList = E41D613D19C7A7B100544B70 /* Build configuration list for PBXNativeTarget "UITableViewControllerTests" */;
			buildPhases = (
				E41D612519C7A7B100544B70 /* Sources */,
				E41D612619C7A7B100544B70 /* Frameworks */,
				E41D612719C7A7B100544B70 /* Resources */,
			);
			buildRules = (
			);
			dependencies = (
				E41D612F19C7A7B100544B70 /* PBXTargetDependency */,
			);
			name = UITableViewControllerTests;
			productName = UITableViewControllerTests;
			productReference = E41D612919C7A7B100544B70 /* UITableViewControllerTests.xctest */;
			productType = "com.apple.product-type.bundle.unit-test";
		};
/* End PBXNativeTarget section */

/* Begin PBXProject section */
		E41D610019C7A7B000544B70 /* Project object */ = {
			isa = PBXProject;
			attributes = {
				CLASSPREFIX = AB;
				LastUpgradeCheck = 0510;
				ORGANIZATIONNAME = "Almega Brainware";
				TargetAttributes = {
					E41D612819C7A7B100544B70 = {
						TestTargetID = E41D610719C7A7B000544B70;
					};
				};
			};
			buildConfigurationList = E41D610319C7A7B000544B70 /* Build configuration list for PBXProject "UITableViewController" */;
			compatibilityVersion = "Xcode 3.2";
			developmentRegion = English;
			hasScannedForEncodings = 0;
			knownRegions = (
				en,
				Base,
			);
			mainGroup = E41D60FF19C7A7B000544B70;
			productRefGroup = E41D610919C7A7B000544B70 /* Products */;
			projectDirPath = "";
			projectRoot = "";
			targets = (
				E41D610719C7A7B000544B70 /* UITableViewController */,
				E41D612819C7A7B100544B70 /* UITableViewControllerTests */,
			);
		};
/* End PBXProject section */

/* Begin PBXResourcesBuildPhase section */
		E41D610619C7A7B000544B70 /* Resources */ = {
			isa = PBXResourcesBuildPhase;
			buildActionMask = 2147483647;
			files = (
				E41D612419C7A7B100544B70 /* Images.xcassets in Resources */,
				E41D611619C7A7B100544B70 /* InfoPlist.strings in Resources */,
				E41D611F19C7A7B100544B70 /* Main.storyboard in Resources */,
			);
			runOnlyForDeploymentPostprocessing = 0;
		};
		E41D612719C7A7B100544B70 /* Resources */ = {
			isa = PBXResourcesBuildPhase;
			buildActionMask = 2147483647;
			files = (
				E41D613519C7A7B100544B70 /* InfoPlist.strings in Resources */,
			);
			runOnlyForDeploymentPostprocessing = 0;
		};
/* End PBXResourcesBuildPhase section */

/* Begin PBXSourcesBuildPhase section */
		E41D610419C7A7B000544B70 /* Sources */ = {
			isa = PBXSourcesBuildPhase;
			buildActionMask = 2147483647;
			files = (
				E41D611819C7A7B100544B70 /* main.m in Sources */,
				E41D611C19C7A7B100544B70 /* ABAppDelegate.m in Sources */,
				E41D614519C7AAEF00544B70 /* ABTableViewController.m in Sources */,
			);
			runOnlyForDeploymentPostprocessing = 0;
		};
		E41D612519C7A7B100544B70 /* Sources */ = {
			isa = PBXSourcesBuildPhase;
			buildActionMask = 2147483647;
			files = (
				E41D613719C7A7B100544B70 /* UITableViewControllerTests.m in Sources */,
			);
			runOnlyForDeploymentPostprocessing = 0;
		};
/* End PBXSourcesBuildPhase section */

/* Begin PBXTargetDependency section */
		E41D612F19C7A7B100544B70 /* PBXTargetDependency */ = {
			isa = PBXTargetDependency;
			target = E41D610719C7A7B000544B70 /* UITableViewController */;
			targetProxy = E41D612E19C7A7B100544B70 /* PBXContainerItemProxy */;
		};
/* End PBXTargetDependency section */

/* Begin PBXVariantGroup section */
		E41D611419C7A7B100544B70 /* InfoPlist.strings */ = {
			isa = PBXVariantGroup;
			children = (
				E41D611519C7A7B100544B70 /* en */,
			);
			name = InfoPlist.strings;
			sourceTree = "<group>";
		};
		E41D611D19C7A7B100544B70 /* Main.storyboard */ = {
			isa = PBXVariantGroup;
			children = (
				E41D611E19C7A7B100544B70 /* Base */,
			);
			name = Main.storyboard;
			sourceTree = "<group>";
		};
		E41D613319C7A7B100544B70 /* InfoPlist.strings */ = {
			isa = PBXVariantGroup;
			children = (
				E41D613419C7A7B100544B70 /* en */,
			);
			name = InfoPlist.strings;
			sourceTree = "<group>";
		};
/* End PBXVariantGroup section */

/* Begin XCBuildConfiguration section */
		E41D613819C7A7B100544B70 /* Debug */ = {
			isa = XCBuildConfiguration;
			buildSettings = {
				ALWAYS_SEARCH_USER_PATHS = NO;
				CLANG_CXX_LANGUAGE_STANDARD = "gnu++0x";
				CLANG_CXX_LIBRARY = "libc++";
				CLANG_ENABLE_MODULES = YES;
				CLANG_ENABLE_OBJC_ARC = YES;
				CLANG_WARN_BOOL_CONVERSION = YES;
				CLANG_WARN_CONSTANT_CONVERSION = YES;
				CLANG_WARN_DIRECT_OBJC_ISA_USAGE = YES_ERROR;
				CLANG_WARN_EMPTY_BODY = YES;
				CLANG_WARN_ENUM_CONVERSION = YES;
				CLANG_WARN_INT_CONVERSION = YES;
				CLANG_WARN_OBJC_ROOT_CLASS = YES_ERROR;
				CLANG_WARN__DUPLICATE_METHOD_MATCH = YES;
				"CODE_SIGN_IDENTITY[sdk=iphoneos*]" = "iPhone Developer";
				COPY_PHASE_STRIP = NO;
				GCC_C_LANGUAGE_STANDARD = gnu99;
				GCC_DYNAMIC_NO_PIC = NO;
				GCC_OPTIMIZATION_LEVEL = 0;
				GCC_PREPROCESSOR_DEFINITIONS = (
					"DEBUG=1",
					"$(inherited)",
				);
				GCC_SYMBOLS_PRIVATE_EXTERN = NO;
				GCC_WARN_64_TO_32_BIT_CONVERSION = YES;
				GCC_WARN_ABOUT_RETURN_TYPE = YES_ERROR;
				GCC_WARN_UNDECLARED_SELECTOR = YES;
				GCC_WARN_UNINITIALIZED_AUTOS = YES_AGGRESSIVE;
				GCC_WARN_UNUSED_FUNCTION = YES;
				GCC_WARN_UNUSED_VARIABLE = YES;
				IPHONEOS_DEPLOYMENT_TARGET = 7.1;
				ONLY_ACTIVE_ARCH = YES;
				SDKROOT = iphoneos;
			};
			name = Debug;
		};
		E41D613919C7A7B100544B70 /* Release */ = {
			isa = XCBuildConfiguration;
			buildSettings = {
				ALWAYS_SEARCH_USER_PATHS = NO;
				CLANG_CXX_LANGUAGE_STANDARD = "gnu++0x";
				CLANG_CXX_LIBRARY = "libc++";
				CLANG_ENABLE_MODULES = YES;
				CLANG_ENABLE_OBJC_ARC = YES;
				CLANG_WARN_BOOL_CONVERSION = YES;
				CLANG_WARN_CONSTANT_CONVERSION = YES;
				CLANG_WARN_DIRECT_OBJC_ISA_USAGE = YES_ERROR;
				CLANG_WARN_EMPTY_BODY = YES;
				CLANG_WARN_ENUM_CONVERSION = YES;
				CLANG_WARN_INT_CONVERSION = YES;
				CLANG_WARN_OBJC_ROOT_CLASS = YES_ERROR;
				CLANG_WARN__DUPLICATE_METHOD_MATCH = YES;
				"CODE_SIGN_IDENTITY[sdk=iphoneos*]" = "iPhone Developer";
				COPY_PHASE_STRIP = YES;
				ENABLE_NS_ASSERTIONS = NO;
				GCC_C_LANGUAGE_STANDARD = gnu99;
				GCC_WARN_64_TO_32_BIT_CONVERSION = YES;
				GCC_WARN_ABOUT_RETURN_TYPE = YES_ERROR;
				GCC_WARN_UNDECLARED_SELECTOR = YES;
				GCC_WARN_UNINITIALIZED_AUTOS = YES_AGGRESSIVE;
				GCC_WARN_UNUSED_FUNCTION = YES;
				GCC_WARN_UNUSED_VARIABLE = YES;
				IPHONEOS_DEPLOYMENT_TARGET = 7.1;
				SDKROOT = iphoneos;
				VALIDATE_PRODUCT = YES;
			};
			name = Release;
		};
		E41D613B19C7A7B100544B70 /* Debug */ = {
			isa = XCBuildConfiguration;
			buildSettings = {
				ASSETCATALOG_COMPILER_APPICON_NAME = AppIcon;
				ASSETCATALOG_COMPILER_LAUNCHIMAGE_NAME = LaunchImage;
				GCC_PRECOMPILE_PREFIX_HEADER = YES;
				GCC_PREFIX_HEADER = "UITableViewController/UITableViewController-Prefix.pch";
				INFOPLIST_FILE = "UITableViewController/UITableViewController-Info.plist";
				PRODUCT_NAME = "$(TARGET_NAME)";
				WRAPPER_EXTENSION = app;
			};
			name = Debug;
		};
		E41D613C19C7A7B100544B70 /* Release */ = {
			isa = XCBuildConfiguration;
			buildSettings = {
				ASSETCATALOG_COMPILER_APPICON_NAME = AppIcon;
				ASSETCATALOG_COMPILER_LAUNCHIMAGE_NAME = LaunchImage;
				GCC_PRECOMPILE_PREFIX_HEADER = YES;
				GCC_PREFIX_HEADER = "UITableViewController/UITableViewController-Prefix.pch";
				INFOPLIST_FILE = "UITableViewController/UITableViewController-Info.plist";
				PRODUCT_NAME = "$(TARGET_NAME)";
				WRAPPER_EXTENSION = app;
			};
			name = Release;
		};
		E41D613E19C7A7B100544B70 /* Debug */ = {
			isa = XCBuildConfiguration;
			buildSettings = {
				BUNDLE_LOADER = "$(BUILT_PRODUCTS_DIR)/UITableViewController.app/UITableViewController";
				FRAMEWORK_SEARCH_PATHS = (
					"$(SDKROOT)/Developer/Library/Frameworks",
					"$(inherited)",
					"$(DEVELOPER_FRAMEWORKS_DIR)",
				);
				GCC_PRECOMPILE_PREFIX_HEADER = YES;
				GCC_PREFIX_HEADER = "UITableViewController/UITableViewController-Prefix.pch";
				GCC_PREPROCESSOR_DEFINITIONS = (
					"DEBUG=1",
					"$(inherited)",
				);
				INFOPLIST_FILE = "UITableViewControllerTests/UITableViewControllerTests-Info.plist";
				PRODUCT_NAME = "$(TARGET_NAME)";
				TEST_HOST = "$(BUNDLE_LOADER)";
				WRAPPER_EXTENSION = xctest;
			};
			name = Debug;
		};
		E41D613F19C7A7B100544B70 /* Release */ = {
			isa = XCBuildConfiguration;
			buildSettings = {
				BUNDLE_LOADER = "$(BUILT_PRODUCTS_DIR)/UITableViewController.app/UITableViewController";
				FRAMEWORK_SEARCH_PATHS = (
					"$(SDKROOT)/Developer/Library/Frameworks",
					"$(inherited)",
					"$(DEVELOPER_FRAMEWORKS_DIR)",
				);
				GCC_PRECOMPILE_PREFIX_HEADER = YES;
				GCC_PREFIX_HEADER = "UITableViewController/UITableViewController-Prefix.pch";
				INFOPLIST_FILE = "UITableViewControllerTests/UITableViewControllerTests-Info.plist";
				PRODUCT_NAME = "$(TARGET_NAME)";
				TEST_HOST = "$(BUNDLE_LOADER)";
				WRAPPER_EXTENSION = xctest;
			};
			name = Release;
		};
/* End XCBuildConfiguration section */

/* Begin XCConfigurationList section */
		E41D610319C7A7B000544B70 /* Build configuration list for PBXProject "UITableViewController" */ = {
			isa = XCConfigurationList;
			buildConfigurations = (
				E41D613819C7A7B100544B70 /* Debug */,
				E41D613919C7A7B100544B70 /* Release */,
			);
			defaultConfigurationIsVisible = 0;
			defaultConfigurationName = Release;
		};
		E41D613A19C7A7B100544B70 /* Build configuration list for PBXNativeTarget "UITableViewController" */ = {
			isa = XCConfigurationList;
			buildConfigurations = (
				E41D613B19C7A7B100544B70 /* Debug */,
				E41D613C19C7A7B100544B70 /* Release */,
			);
			defaultConfigurationIsVisible = 0;
		};
		E41D613D19C7A7B100544B70 /* Build configuration list for PBXNativeTarget "UITableViewControllerTests" */ = {
			isa = XCConfigurationList;
			buildConfigurations = (
				E41D613E19C7A7B100544B70 /* Debug */,
				E41D613F19C7A7B100544B70 /* Release */,
			);
			defaultConfigurationIsVisible = 0;
		};
/* End XCConfigurationList section */
	};
	rootObject = E41D610019C7A7B000544B70 /* Project object */;
}
